{
  "version": 4,
  "terraform_version": "1.12.2",
  "serial": 3,
  "lineage": "5f6e876a-ba7e-1fd3-db88-4d45bc5abed4",
  "outputs": {
    "file_location": {
      "value": "/home/pratap_t/terragrunt_demo/foo/hi.txt",
      "type": "string"
    }
  },
  "resources": [
    {
      "mode": "managed",
      "type": "local_file",
      "name": "file",
      "provider": "provider[\"registry.terraform.io/hashicorp/local\"]",
      "instances": [
        {
          "schema_version": 0,
          "attributes": {
            "content": "Hello, Terragrunt 1!",
            "content_base64": null,
            "content_base64sha256": "zum4jV559G8/zAS7BTRC7TxdbtH3pVNMGuhOV16EMRo=",
            "content_base64sha512": "HONXU1KEr0x3rnGePQedvcfVPyTS7YmRX0fI3bb9SUNZfJpbgnC6KiYPVQT+yyVKH13QuEia/LP6c/rsRocl2g==",
            "content_md5": "bca45a79dd5f7c5a43b193daaedd48aa",
            "content_sha1": "6f7d2a4f2f47d8f6a1a8f26445db33380a47483e",
            "content_sha256": "cee9b88d5e79f46f3fcc04bb053442ed3c5d6ed1f7a5534c1ae84e575e84311a",
            "content_sha512": "1ce357535284af4c77ae719e3d079dbdc7d53f24d2ed89915f47c8ddb6fd4943597c9a5b8270ba2a260f5504fecb254a1f5dd0b8489afcb3fa73faec468725da",
            "directory_permission": "0777",
            "file_permission": "0777",
            "filename": "/home/pratap_t/terragrunt_demo/foo/hi.txt",
            "id": "6f7d2a4f2f47d8f6a1a8f26445db33380a47483e",
            "sensitive_content": null,
            "source": null
          },
          "sensitive_attributes": [
            [
              {
                "type": "get_attr",
                "value": "sensitive_content"
              }
            ]
          ],
          "identity_schema_version": 0
        }
      ]
    }
  ],
  "check_results": null
}
